
Microsoft Visual Studio Solution File, Format Version 12.00
# Visual Studio Version 16
VisualStudioVersion = 16.0.34301.259
MinimumVisualStudioVersion = 10.0.40219.1
Project("{FAE04EC0-301F-11D3-BF4B-00C04F79EFBC}") = "5_THAnhDMHieuNDDungADDaiNTThang_LTNET", "5_THAnhDMHieuNDDungADDaiNTThang_LTNET\5_THAnhDMHieuNDDungADDaiNTThang_LTNET.csproj", "{656B6DA0-F795-4A30-AF8B-8F1F04BC4EF0}"
EndProject
Project("{54435603-DBB4-11D2-8724-00A0C9A8B90C}") = "Setup1", "Setup1\Setup1.vdproj", "{3727B7CA-7196-46F2-8085-5C50F2B45795}"
EndProject
Global
	GlobalSection(SolutionConfigurationPlatforms) = preSolution
		Debug|Any CPU = Debug|Any CPU
		Release|Any CPU = Release|Any CPU
	EndGlobalSection
	GlobalSection(ProjectConfigurationPlatforms) = postSolution
		{656B6DA0-F795-4A30-AF8B-8F1F04BC4EF0}.Debug|Any CPU.ActiveCfg = Debug|Any CPU
		{656B6DA0-F795-4A30-AF8B-8F1F04BC4EF0}.Debug|Any CPU.Build.0 = Debug|Any CPU
		{656B6DA0-F795-4A30-AF8B-8F1F04BC4EF0}.Release|Any CPU.ActiveCfg = Release|Any CPU
		{656B6DA0-F795-4A30-AF8B-8F1F04BC4EF0}.Release|Any CPU.Build.0 = Release|Any CPU
		{3727B7CA-7196-46F2-8085-5C50F2B45795}.Debug|Any CPU.ActiveCfg = Debug
		{3727B7CA-7196-46F2-8085-5C50F2B45795}.Release|Any CPU.ActiveCfg = Release
	EndGlobalSection
	GlobalSection(SolutionProperties) = preSolution
		HideSolutionNode = FALSE
	EndGlobalSection
	GlobalSection(ExtensibilityGlobals) = postSolution
		SolutionGuid = {6E2FF161-64C8-4278-A93C-76A2B4FAF7DD}
	EndGlobalSection
EndGlobal
